
Microsoft Visual Studio Solution File, Format Version 12.00
# Visual Studio Version 17
VisualStudioVersion = 17.1.32421.90
MinimumVisualStudioVersion = 10.0.40219.1
Project("{FAE04EC0-301F-11D3-BF4B-00C04F79EFBC}") = "Basics", "Basics\Basics.csproj", "{70729756-43C2-4354-A084-57AB801472BC}"
EndProject
Global
	GlobalSection(SolutionConfigurationPlatforms) = preSolution
		Debug|Any CPU = Debug|Any CPU
		Release|Any CPU = Release|Any CPU
	EndGlobalSection
	GlobalSection(ProjectConfigurationPlatforms) = postSolution
		{70729756-43C2-4354-A084-57AB801472BC}.Debug|Any CPU.ActiveCfg = Debug|Any CPU
		{70729756-43C2-4354-A084-57AB801472BC}.Debug|Any CPU.Build.0 = Debug|Any CPU
		{70729756-43C2-4354-A084-57AB801472BC}.Release|Any CPU.ActiveCfg = Release|Any CPU
		{70729756-43C2-4354-A084-57AB801472BC}.Release|Any CPU.Build.0 = Release|Any CPU
	EndGlobalSection
	GlobalSection(SolutionProperties) = preSolution
		HideSolutionNode = FALSE
	EndGlobalSection
	GlobalSection(ExtensibilityGlobals) = postSolution
		SolutionGuid = {5F2073D9-F71D-42A7-9F90-3635DA49AEF2}
	EndGlobalSection
EndGlobal
